
Microsoft Visual Studio Solution File, Format Version 12.00
# Visual Studio 2012
Project("{FAE04EC0-301F-11D3-BF4B-00C04F79EFBC}") = "StringSearcher", "StringSearcher\StringSearcher.csproj", "{65E05C75-2792-4343-998D-B7DA824834CD}"
EndProject
Global
	GlobalSection(SolutionConfigurationPlatforms) = preSolution
		Debug|Any CPU = Debug|Any CPU
		Release|Any CPU = Release|Any CPU
	EndGlobalSection
	GlobalSection(ProjectConfigurationPlatforms) = postSolution
		{65E05C75-2792-4343-998D-B7DA824834CD}.Debug|Any CPU.ActiveCfg = Debug|Any CPU
		{65E05C75-2792-4343-998D-B7DA824834CD}.Debug|Any CPU.Build.0 = Debug|Any CPU
		{65E05C75-2792-4343-998D-B7DA824834CD}.Release|Any CPU.ActiveCfg = Release|Any CPU
		{65E05C75-2792-4343-998D-B7DA824834CD}.Release|Any CPU.Build.0 = Release|Any CPU
	EndGlobalSection
	GlobalSection(SolutionProperties) = preSolution
		HideSolutionNode = FALSE
	EndGlobalSection
EndGlobal
